
Microsoft Visual Studio Solution File, Format Version 12.00
# Visual Studio Version 16
VisualStudioVersion = 16.0.30717.126
MinimumVisualStudioVersion = 10.0.40219.1
Project("{8BC9CEB8-8B4A-11D0-8D11-00A0C91BC942}") = "JogoDaVelhaAzureAED", "JogoDaVelhaAzureAED\JogoDaVelhaAzureAED.vcxproj", "{FEDE5AC3-4B31-4823-A220-4958241AB359}"
EndProject
Global
	GlobalSection(SolutionConfigurationPlatforms) = preSolution
		Debug|x64 = Debug|x64
		Debug|x86 = Debug|x86
		Release|x64 = Release|x64
		Release|x86 = Release|x86
	EndGlobalSection
	GlobalSection(ProjectConfigurationPlatforms) = postSolution
		{FEDE5AC3-4B31-4823-A220-4958241AB359}.Debug|x64.ActiveCfg = Debug|x64
		{FEDE5AC3-4B31-4823-A220-4958241AB359}.Debug|x64.Build.0 = Debug|x64
		{FEDE5AC3-4B31-4823-A220-4958241AB359}.Debug|x86.ActiveCfg = Debug|Win32
		{FEDE5AC3-4B31-4823-A220-4958241AB359}.Debug|x86.Build.0 = Debug|Win32
		{FEDE5AC3-4B31-4823-A220-4958241AB359}.Release|x64.ActiveCfg = Release|x64
		{FEDE5AC3-4B31-4823-A220-4958241AB359}.Release|x64.Build.0 = Release|x64
		{FEDE5AC3-4B31-4823-A220-4958241AB359}.Release|x86.ActiveCfg = Release|Win32
		{FEDE5AC3-4B31-4823-A220-4958241AB359}.Release|x86.Build.0 = Release|Win32
	EndGlobalSection
	GlobalSection(SolutionProperties) = preSolution
		HideSolutionNode = FALSE
	EndGlobalSection
	GlobalSection(ExtensibilityGlobals) = postSolution
		SolutionGuid = {AB37E9AF-9E78-4397-ACFD-5ECD23863CC3}
	EndGlobalSection
EndGlobal
